
Microsoft Visual Studio Solution File, Format Version 12.00
# Visual Studio Version 17
VisualStudioVersion = 17.8.34330.188
MinimumVisualStudioVersion = 10.0.40219.1
Project("{FAE04EC0-301F-11D3-BF4B-00C04F79EFBC}") = "WindowsFormsApp1S", "WindowsFormsApp1S\WindowsFormsApp1S.csproj", "{600DCCB1-1E78-41AA-806F-A6B23B4D2164}"
EndProject
Project("{9A19103F-16F7-4668-BE54-9A1E7A4F7556}") = "OkulApp.MODEL", "OkulApp.MODEL\OkulApp.MODEL.csproj", "{ED9B7027-FD82-4D1C-B5D8-8190800BF0FA}"
EndProject
Project("{FAE04EC0-301F-11D3-BF4B-00C04F79EFBC}") = "OkulAppBILL", "OkulAppBILL\OkulAppBILL.csproj", "{5A003A09-FB74-41C9-8C2E-70B1F55EEB79}"
EndProject
Project("{FAE04EC0-301F-11D3-BF4B-00C04F79EFBC}") = "OkulAppDAL", "OkulAppDAL\OkulAppDAL.csproj", "{E91555AC-2A07-42CD-A233-48A9FCAC73C1}"
EndProject
Global
	GlobalSection(SolutionConfigurationPlatforms) = preSolution
		Debug|Any CPU = Debug|Any CPU
		Release|Any CPU = Release|Any CPU
	EndGlobalSection
	GlobalSection(ProjectConfigurationPlatforms) = postSolution
		{600DCCB1-1E78-41AA-806F-A6B23B4D2164}.Debug|Any CPU.ActiveCfg = Debug|Any CPU
		{600DCCB1-1E78-41AA-806F-A6B23B4D2164}.Debug|Any CPU.Build.0 = Debug|Any CPU
		{600DCCB1-1E78-41AA-806F-A6B23B4D2164}.Release|Any CPU.ActiveCfg = Release|Any CPU
		{600DCCB1-1E78-41AA-806F-A6B23B4D2164}.Release|Any CPU.Build.0 = Release|Any CPU
		{ED9B7027-FD82-4D1C-B5D8-8190800BF0FA}.Debug|Any CPU.ActiveCfg = Debug|Any CPU
		{ED9B7027-FD82-4D1C-B5D8-8190800BF0FA}.Debug|Any CPU.Build.0 = Debug|Any CPU
		{ED9B7027-FD82-4D1C-B5D8-8190800BF0FA}.Release|Any CPU.ActiveCfg = Release|Any CPU
		{ED9B7027-FD82-4D1C-B5D8-8190800BF0FA}.Release|Any CPU.Build.0 = Release|Any CPU
		{5A003A09-FB74-41C9-8C2E-70B1F55EEB79}.Debug|Any CPU.ActiveCfg = Debug|Any CPU
		{5A003A09-FB74-41C9-8C2E-70B1F55EEB79}.Debug|Any CPU.Build.0 = Debug|Any CPU
		{5A003A09-FB74-41C9-8C2E-70B1F55EEB79}.Release|Any CPU.ActiveCfg = Release|Any CPU
		{5A003A09-FB74-41C9-8C2E-70B1F55EEB79}.Release|Any CPU.Build.0 = Release|Any CPU
		{E91555AC-2A07-42CD-A233-48A9FCAC73C1}.Debug|Any CPU.ActiveCfg = Debug|Any CPU
		{E91555AC-2A07-42CD-A233-48A9FCAC73C1}.Debug|Any CPU.Build.0 = Debug|Any CPU
		{E91555AC-2A07-42CD-A233-48A9FCAC73C1}.Release|Any CPU.ActiveCfg = Release|Any CPU
		{E91555AC-2A07-42CD-A233-48A9FCAC73C1}.Release|Any CPU.Build.0 = Release|Any CPU
	EndGlobalSection
	GlobalSection(SolutionProperties) = preSolution
		HideSolutionNode = FALSE
	EndGlobalSection
	GlobalSection(ExtensibilityGlobals) = postSolution
		SolutionGuid = {A6514F24-5A27-4C49-9E21-7CCC62A7CD97}
	EndGlobalSection
EndGlobal
